
Microsoft Visual Studio Solution File, Format Version 12.00
# Visual Studio 15
VisualStudioVersion = 15.0.26228.4
MinimumVisualStudioVersion = 10.0.40219.1
Project("{FAE04EC0-301F-11D3-BF4B-00C04F79EFBC}") = "FlightProcessor", "FlightProcessor\FlightProcessor.csproj", "{24E2C9CD-076F-49CC-9F2D-AE776217AAC1}"
EndProject
Project("{FAE04EC0-301F-11D3-BF4B-00C04F79EFBC}") = "SourceGrid", "SourceGrid\SourceGrid.csproj", "{2A5A1657-DBA8-4117-8E2A-9F1236ACE9E2}"
EndProject
Global
	GlobalSection(SolutionConfigurationPlatforms) = preSolution
		Debug|Any CPU = Debug|Any CPU
		Release|Any CPU = Release|Any CPU
	EndGlobalSection
	GlobalSection(ProjectConfigurationPlatforms) = postSolution
		{24E2C9CD-076F-49CC-9F2D-AE776217AAC1}.Debug|Any CPU.ActiveCfg = Debug|Any CPU
		{24E2C9CD-076F-49CC-9F2D-AE776217AAC1}.Debug|Any CPU.Build.0 = Debug|Any CPU
		{24E2C9CD-076F-49CC-9F2D-AE776217AAC1}.Release|Any CPU.ActiveCfg = Release|Any CPU
		{24E2C9CD-076F-49CC-9F2D-AE776217AAC1}.Release|Any CPU.Build.0 = Release|Any CPU
		{2A5A1657-DBA8-4117-8E2A-9F1236ACE9E2}.Debug|Any CPU.ActiveCfg = Debug|Any CPU
		{2A5A1657-DBA8-4117-8E2A-9F1236ACE9E2}.Debug|Any CPU.Build.0 = Debug|Any CPU
		{2A5A1657-DBA8-4117-8E2A-9F1236ACE9E2}.Release|Any CPU.ActiveCfg = Release|Any CPU
		{2A5A1657-DBA8-4117-8E2A-9F1236ACE9E2}.Release|Any CPU.Build.0 = Release|Any CPU
	EndGlobalSection
	GlobalSection(SolutionProperties) = preSolution
		HideSolutionNode = FALSE
	EndGlobalSection
EndGlobal
